
Microsoft Visual Studio Solution File, Format Version 12.00
# Visual Studio Version 17
VisualStudioVersion = 17.8.34330.188
MinimumVisualStudioVersion = 10.0.40219.1
Project("{FAE04EC0-301F-11D3-BF4B-00C04F79EFBC}") = "ChemistryThing", "ChemistryThing\ChemistryThing.csproj", "{02720757-D6EA-403C-93EB-16937FA40C6D}"
EndProject
Global
	GlobalSection(SolutionConfigurationPlatforms) = preSolution
		Debug|Any CPU = Debug|Any CPU
		Release|Any CPU = Release|Any CPU
	EndGlobalSection
	GlobalSection(ProjectConfigurationPlatforms) = postSolution
		{02720757-D6EA-403C-93EB-16937FA40C6D}.Debug|Any CPU.ActiveCfg = Debug|Any CPU
		{02720757-D6EA-403C-93EB-16937FA40C6D}.Debug|Any CPU.Build.0 = Debug|Any CPU
		{02720757-D6EA-403C-93EB-16937FA40C6D}.Release|Any CPU.ActiveCfg = Release|Any CPU
		{02720757-D6EA-403C-93EB-16937FA40C6D}.Release|Any CPU.Build.0 = Release|Any CPU
	EndGlobalSection
	GlobalSection(SolutionProperties) = preSolution
		HideSolutionNode = FALSE
	EndGlobalSection
	GlobalSection(ExtensibilityGlobals) = postSolution
		SolutionGuid = {002080BA-DE1C-4C70-83E9-24E18A9FF276}
	EndGlobalSection
EndGlobal
